
Microsoft Visual Studio Solution File, Format Version 12.00
# Visual Studio Version 17
VisualStudioVersion = 17.7.34024.191
MinimumVisualStudioVersion = 10.0.40219.1
Project("{FAE04EC0-301F-11D3-BF4B-00C04F79EFBC}") = "Junior_prtmk", "Junior_prtmk.csproj", "{0DCF24DB-19FB-491C-99E9-1795423B049A}"
EndProject
Global
	GlobalSection(SolutionConfigurationPlatforms) = preSolution
		Debug|Any CPU = Debug|Any CPU
		Release|Any CPU = Release|Any CPU
	EndGlobalSection
	GlobalSection(ProjectConfigurationPlatforms) = postSolution
		{0DCF24DB-19FB-491C-99E9-1795423B049A}.Debug|Any CPU.ActiveCfg = Debug|Any CPU
		{0DCF24DB-19FB-491C-99E9-1795423B049A}.Debug|Any CPU.Build.0 = Debug|Any CPU
		{0DCF24DB-19FB-491C-99E9-1795423B049A}.Release|Any CPU.ActiveCfg = Release|Any CPU
		{0DCF24DB-19FB-491C-99E9-1795423B049A}.Release|Any CPU.Build.0 = Release|Any CPU
	EndGlobalSection
	GlobalSection(SolutionProperties) = preSolution
		HideSolutionNode = FALSE
	EndGlobalSection
	GlobalSection(ExtensibilityGlobals) = postSolution
		SolutionGuid = {B8316618-8E90-43DA-8FF3-7EB866240F12}
	EndGlobalSection
EndGlobal
